
Microsoft Visual Studio Solution File, Format Version 12.00
# Visual Studio Version 17
VisualStudioVersion = 17.11.35312.102
MinimumVisualStudioVersion = 10.0.40219.1
Project("{8BC9CEB8-8B4A-11D0-8D11-00A0C91BC942}") = "Core", "Core\Core.vcxproj", "{26D10E51-FEE1-4B23-B98F-500EE77A118F}"
EndProject
Project("{8BC9CEB8-8B4A-11D0-8D11-00A0C91BC942}") = "Decoder", "Decoder\Decoder.vcxproj", "{BACB9AFC-C507-4AEE-B708-094143830484}"
EndProject
Project("{8BC9CEB8-8B4A-11D0-8D11-00A0C91BC942}") = "Builder", "Builder\Builder.vcxproj", "{57C48577-5DDF-4477-8692-0288E2EE6873}"
EndProject
Global
	GlobalSection(SolutionConfigurationPlatforms) = preSolution
		Debug|x64 = Debug|x64
		Debug|x86 = Debug|x86
		Release|x64 = Release|x64
		Release|x86 = Release|x86
	EndGlobalSection
	GlobalSection(ProjectConfigurationPlatforms) = postSolution
		{26D10E51-FEE1-4B23-B98F-500EE77A118F}.Debug|x64.ActiveCfg = Debug|x64
		{26D10E51-FEE1-4B23-B98F-500EE77A118F}.Debug|x64.Build.0 = Debug|x64
		{26D10E51-FEE1-4B23-B98F-500EE77A118F}.Debug|x86.ActiveCfg = Debug|Win32
		{26D10E51-FEE1-4B23-B98F-500EE77A118F}.Debug|x86.Build.0 = Debug|Win32
		{26D10E51-FEE1-4B23-B98F-500EE77A118F}.Release|x64.ActiveCfg = Release|x64
		{26D10E51-FEE1-4B23-B98F-500EE77A118F}.Release|x64.Build.0 = Release|x64
		{26D10E51-FEE1-4B23-B98F-500EE77A118F}.Release|x86.ActiveCfg = Release|Win32
		{26D10E51-FEE1-4B23-B98F-500EE77A118F}.Release|x86.Build.0 = Release|Win32
		{BACB9AFC-C507-4AEE-B708-094143830484}.Debug|x64.ActiveCfg = Debug|x64
		{BACB9AFC-C507-4AEE-B708-094143830484}.Debug|x64.Build.0 = Debug|x64
		{BACB9AFC-C507-4AEE-B708-094143830484}.Debug|x86.ActiveCfg = Debug|Win32
		{BACB9AFC-C507-4AEE-B708-094143830484}.Debug|x86.Build.0 = Debug|Win32
		{BACB9AFC-C507-4AEE-B708-094143830484}.Release|x64.ActiveCfg = Release|x64
		{BACB9AFC-C507-4AEE-B708-094143830484}.Release|x64.Build.0 = Release|x64
		{BACB9AFC-C507-4AEE-B708-094143830484}.Release|x86.ActiveCfg = Release|Win32
		{BACB9AFC-C507-4AEE-B708-094143830484}.Release|x86.Build.0 = Release|Win32
		{57C48577-5DDF-4477-8692-0288E2EE6873}.Debug|x64.ActiveCfg = Debug|x64
		{57C48577-5DDF-4477-8692-0288E2EE6873}.Debug|x64.Build.0 = Debug|x64
		{57C48577-5DDF-4477-8692-0288E2EE6873}.Debug|x86.ActiveCfg = Debug|Win32
		{57C48577-5DDF-4477-8692-0288E2EE6873}.Debug|x86.Build.0 = Debug|Win32
		{57C48577-5DDF-4477-8692-0288E2EE6873}.Release|x64.ActiveCfg = Release|x64
		{57C48577-5DDF-4477-8692-0288E2EE6873}.Release|x64.Build.0 = Release|x64
		{57C48577-5DDF-4477-8692-0288E2EE6873}.Release|x86.ActiveCfg = Release|Win32
		{57C48577-5DDF-4477-8692-0288E2EE6873}.Release|x86.Build.0 = Release|Win32
	EndGlobalSection
	GlobalSection(SolutionProperties) = preSolution
		HideSolutionNode = FALSE
	EndGlobalSection
	GlobalSection(ExtensibilityGlobals) = postSolution
		SolutionGuid = {BE9E57FC-EB4C-41E5-B9DF-237D06748612}
	EndGlobalSection
EndGlobal
